PODS:
  - FlexLayout (1.3.5)
  - GMView (0.1.0)
  - PinLayout (1.5.9)
  - SnapKit (4.0.0)

DEPENDENCIES:
  - FlexLayout
  - GMView (from `../`)
  - PinLayout
  - SnapKit (~> 4.0.0)

SPEC REPOS:
  https://github.com/CocoaPods/Specs.git:
    - FlexLayout
    - PinLayout
    - SnapKit

EXTERNAL SOURCES:
  GMView:
    :path: "../"

SPEC CHECKSUMS:
  FlexLayout: 8cfa915850eab120c3d89c3b8b02e3aca96de554
  GMView: eafcb4a6bb7dc40d39d9676954e41fd94747fe37
  PinLayout: b2ebf8622b28e82b6e1216ab4e4a0a8d082214fe
  SnapKit: a42d492c16e80209130a3379f73596c3454b7694

PODFILE CHECKSUM: d633c2a3e0cb3930d386dd2ef7dbb25d89dee31f

COCOAPODS: 1.8.4
